PODS:
  - IQKeyboardManagerSwift (6.5.2)

DEPENDENCIES:
  - IQKeyboardManagerSwift

SPEC REPOS:
  https://github.com/cocoapods/specs.git:
    - IQKeyboardManagerSwift

SPEC CHECKSUMS:
  IQKeyboardManagerSwift: c75366f1f19590e8caeae45fcd5815c9289d6099

PODFILE CHECKSUM: 85d746806871278d871556f67979f8f682426ac2

COCOAPODS: 1.5.2
